// !$*UTF8*$!
{
	archiveVersion = 1;
	classes = {
	};
	objectVersion = 56;
	objects = {

/* Begin PBXBuildFile section */
		8D1381A92B219CEB00462445 /* ViewTwo.swift in Sources */ = {isa = PBXBuildFile; fileRef = 8D1381A82B219CEB00462445 /* ViewTwo.swift */; };
		8D41E2BA2B18ED5D00BD03AB /* SeasonScores.swift in Sources */ = {isa = PBXBuildFile; fileRef = 8D41E2B92B18ED5D00BD03AB /* SeasonScores.swift */; };
		8DFE467B2AFAC3FE00785F46 /* WEEK_9_FINALPROJApp.swift in Sources */ = {isa = PBXBuildFile; fileRef = 8DFE467A2AFAC3FE00785F46 /* WEEK_9_FINALPROJApp.swift */; };
		8DFE467D2AFAC3FE00785F46 /* ContentView.swift in Sources */ = {isa = PBXBuildFile; fileRef = 8DFE467C2AFAC3FE00785F46 /* ContentView.swift */; };
		8DFE467F2AFAC3FF00785F46 /* Assets.xcassets in Resources */ = {isa = PBXBuildFile; fileRef = 8DFE467E2AFAC3FF00785F46 /* Assets.xcassets */; };
		8DFE46822AFAC3FF00785F46 /* Preview Assets.xcassets in Resources */ = {isa = PBXBuildFile; fileRef = 8DFE46812AFAC3FF00785F46 /* Preview Assets.xcassets */; };
/* End PBXBuildFile section */

/* Begin PBXFileReference section */
		8D1381A82B219CEB00462445 /* ViewTwo.swift */ = {isa = PBXFileReference; lastKnownFileType = sourcecode.swift; path = ViewTwo.swift; sourceTree = "<group>"; };
		8D41E2B92B18ED5D00BD03AB /* SeasonScores.swift */ = {isa = PBXFileReference; lastKnownFileType = sourcecode.swift; path = SeasonScores.swift; sourceTree = "<group>"; };
		8DFE46772AFAC3FE00785F46 /* WEEK 9 FINALPROJ.app */ = {isa = PBXFileReference; explicitFileType = wrapper.application; includeInIndex = 0; path = "WEEK 9 FINALPROJ.app"; sourceTree = BUILT_PRODUCTS_DIR; };
		8DFE467A2AFAC3FE00785F46 /* WEEK_9_FINALPROJApp.swift */ = {isa = PBXFileReference; lastKnownFileType = sourcecode.swift; path = WEEK_9_FINALPROJApp.swift; sourceTree = "<group>"; };
		8DFE467C2AFAC3FE00785F46 /* ContentView.swift */ = {isa = PBXFileReference; lastKnownFileType = sourcecode.swift; path = ContentView.swift; sourceTree = "<group>"; };
		8DFE467E2AFAC3FF00785F46 /* Assets.xcassets */ = {isa = PBXFileReference; lastKnownFileType = folder.assetcatalog; path = Assets.xcassets; sourceTree = "<group>"; };
		8DFE46812AFAC3FF00785F46 /* Preview Assets.xcassets */ = {isa = PBXFileReference; lastKnownFileType = folder.assetcatalog; path = "Preview Assets.xcassets"; sourceTree = "<group>"; };
/* End PBXFileReference section */

/* Begin PBXFrameworksBuildPhase section */
		8DFE46742AFAC3FE00785F46 /* Frameworks */ = {
			isa = PBXFrameworksBuildPhase;
			buildActionMask = 2147483647;
			files = (
			);
			runOnlyForDeploymentPostprocessing = 0;
		};
/* End PBXFrameworksBuildPhase section */

/* Begin PBXGroup section */
		8DFE466E2AFAC3FE00785F46 = {
			isa = PBXGroup;
			children = (
				8DFE46792AFAC3FE00785F46 /* WEEK 9 FINALPROJ */,
				8DFE46782AFAC3FE00785F46 /* Products */,
			);
			sourceTree = "<group>";
		};
		8DFE46782AFAC3FE00785F46 /* Products */ = {
			isa = PBXGroup;
			children = (
				8DFE46772AFAC3FE00785F46 /* WEEK 9 FINALPROJ.app */,
			);
			name = Products;
			sourceTree = "<group>";
		};
		8DFE46792AFAC3FE00785F46 /* WEEK 9 FINALPROJ */ = {
			isa = PBXGroup;
			children = (
				8DFE467A2AFAC3FE00785F46 /* WEEK_9_FINALPROJApp.swift */,
				8DFE467C2AFAC3FE00785F46 /* ContentView.swift */,
				8D1381A82B219CEB00462445 /* ViewTwo.swift */,
				8D41E2B92B18ED5D00BD03AB /* SeasonScores.swift */,
				8DFE467E2AFAC3FF00785F46 /* Assets.xcassets */,
				8DFE46802AFAC3FF00785F46 /* Preview Content */,
			);
			path = "WEEK 9 FINALPROJ";
			sourceTree = "<group>";
		};
		8DFE46802AFAC3FF00785F46 /* Preview Content */ = {
			isa = PBXGroup;
			children = (
				8DFE46812AFAC3FF00785F46 /* Preview Assets.xcassets */,
			);
			path = "Preview Content";
			sourceTree = "<group>";
		};
/* End PBXGroup section */

/* Begin PBXNativeTarget section */
		8DFE46762AFAC3FE00785F46 /* WEEK 9 FINALPROJ */ = {
			isa = PBXNativeTarget;
			buildConfigurationList = 8DFE46852AFAC3FF00785F46 /* Build configuration list for PBXNativeTarget "WEEK 9 FINALPROJ" */;
			buildPhases = (
				8DFE46732AFAC3FE00785F46 /* Sources */,
				8DFE46742AFAC3FE00785F46 /* Frameworks */,
				8DFE46752AFAC3FE00785F46 /* Resources */,
			);
			buildRules = (
			);
			dependencies = (
			);
			name = "WEEK 9 FINALPROJ";
			productName = "WEEK 9 FINALPROJ";
			productReference = 8DFE46772AFAC3FE00785F46 /* WEEK 9 FINALPROJ.app */;
			productType = "com.apple.product-type.application";
		};
/* End PBXNativeTarget section */

/* Begin PBXProject section */
		8DFE466F2AFAC3FE00785F46 /* Project object */ = {
			isa = PBXProject;
			attributes = {
				BuildIndependentTargetsInParallel = 1;
				LastSwiftUpdateCheck = 1500;
				LastUpgradeCheck = 1500;
				TargetAttributes = {
					8DFE46762AFAC3FE00785F46 = {
						CreatedOnToolsVersion = 15.0;
					};
				};
			};
			buildConfigurationList = 8DFE46722AFAC3FE00785F46 /* Build configuration list for PBXProject "WEEK 9 FINALPROJ" */;
			compatibilityVersion = "Xcode 14.0";
			developmentRegion = en;
			hasScannedForEncodings = 0;
			knownRegions = (
				en,
				Base,
			);
			mainGroup = 8DFE466E2AFAC3FE00785F46;
			productRefGroup = 8DFE46782AFAC3FE00785F46 /* Products */;
			projectDirPath = "";
			projectRoot = "";
			targets = (
				8DFE46762AFAC3FE00785F46 /* WEEK 9 FINALPROJ */,
			);
		};
/* End PBXProject section */

/* Begin PBXResourcesBuildPhase section */
		8DFE46752AFAC3FE00785F46 /* Resources */ = {
			isa = PBXResourcesBuildPhase;
			buildActionMask = 2147483647;
			files = (
				8DFE46822AFAC3FF00785F46 /* Preview Assets.xcassets in Resources */,
				8DFE467F2AFAC3FF00785F46 /* Assets.xcassets in Resources */,
			);
			runOnlyForDeploymentPostprocessing = 0;
		};
/* End PBXResourcesBuildPhase section */

/* Begin PBXSourcesBuildPhase section */
		8DFE46732AFAC3FE00785F46 /* Sources */ = {
			isa = PBXSourcesBuildPhase;
			buildActionMask = 2147483647;
			files = (
				8D41E2BA2B18ED5D00BD03AB /* SeasonScores.swift in Sources */,
				8D1381A92B219CEB00462445 /* ViewTwo.swift in Sources */,
				8DFE467D2AFAC3FE00785F46 /* ContentView.swift in Sources */,
				8DFE467B2AFAC3FE00785F46 /* WEEK_9_FINALPROJApp.swift in Sources */,
			);
			runOnlyForDeploymentPostprocessing = 0;
		};
/* End PBXSourcesBuildPhase section */

/* Begin XCBuildConfiguration section */
		8DFE46832AFAC3FF00785F46 /* Debug */ = {
			isa = XCBuildConfiguration;
			buildSettings = {
				ALWAYS_SEARCH_USER_PATHS = NO;
				ASSETCATALOG_COMPILER_GENERATE_SWIFT_ASSET_SYMBOL_EXTENSIONS = YES;
				CLANG_ANALYZER_NONNULL = YES;
				CLANG_ANALYZER_NUMBER_OBJECT_CONVERSION = YES_AGGRESSIVE;
				CLANG_CXX_LANGUAGE_STANDARD = "gnu++20";
				CLANG_ENABLE_MODULES = YES;
				CLANG_ENABLE_OBJC_ARC = YES;
				CLANG_ENABLE_OBJC_WEAK = YES;
				CLANG_WARN_BLOCK_CAPTURE_AUTORELEASING = YES;
				CLANG_WARN_BOOL_CONVERSION = YES;
				CLANG_WARN_COMMA = YES;
				CLANG_WARN_CONSTANT_CONVERSION = YES;
				CLANG_WARN_DEPRECATED_OBJC_IMPLEMENTATIONS = YES;
				CLANG_WARN_DIRECT_OBJC_ISA_USAGE = YES_ERROR;
				CLANG_WARN_DOCUMENTATION_COMMENTS = YES;
				CLANG_WARN_EMPTY_BODY = YES;
				CLANG_WARN_ENUM_CONVERSION = YES;
				CLANG_WARN_INFINITE_RECURSION = YES;
				CLANG_WARN_INT_CONVERSION = YES;
				CLANG_WARN_NON_LITERAL_NULL_CONVERSION = YES;
				CLANG_WARN_OBJC_IMPLICIT_RETAIN_SELF = YES;
				CLANG_WARN_OBJC_LITERAL_CONVERSION = YES;
				CLANG_WARN_OBJC_ROOT_CLASS = YES_ERROR;
				CLANG_WARN_QUOTED_INCLUDE_IN_FRAMEWORK_HEADER = YES;
				CLANG_WARN_RANGE_LOOP_ANALYSIS = YES;
				CLANG_WARN_STRICT_PROTOTYPES = YES;
				CLANG_WARN_SUSPICIOUS_MOVE = YES;
				CLANG_WARN_UNGUARDED_AVAILABILITY = YES_AGGRESSIVE;
				CLANG_WARN_UNREACHABLE_CODE = YES;
				CLANG_WARN__DUPLICATE_METHOD_MATCH = YES;
				COPY_PHASE_STRIP = NO;
				DEBUG_INFORMATION_FORMAT = dwarf;
				ENABLE_STRICT_OBJC_MSGSEND = YES;
				ENABLE_TESTABILITY = YES;
				ENABLE_USER_SCRIPT_SANDBOXING = YES;
				GCC_C_LANGUAGE_STANDARD = gnu17;
				GCC_DYNAMIC_NO_PIC = NO;
				GCC_NO_COMMON_BLOCKS = YES;
				GCC_OPTIMIZATION_LEVEL = 0;
				GCC_PREPROCESSOR_DEFINITIONS = (
					"DEBUG=1",
					"$(inherited)",
				);
				GCC_WARN_64_TO_32_BIT_CONVERSION = YES;
				GCC_WARN_ABOUT_RETURN_TYPE = YES_ERROR;
				GCC_WARN_UNDECLARED_SELECTOR = YES;
				GCC_WARN_UNINITIALIZED_AUTOS = YES_AGGRESSIVE;
				GCC_WARN_UNUSED_FUNCTION = YES;
				GCC_WARN_UNUSED_VARIABLE = YES;
				IPHONEOS_DEPLOYMENT_TARGET = 17.0;
				LOCALIZATION_PREFERS_STRING_CATALOGS = YES;
				MTL_ENABLE_DEBUG_INFO = INCLUDE_SOURCE;
				MTL_FAST_MATH = YES;
				ONLY_ACTIVE_ARCH = YES;
				SDKROOT = iphoneos;
				SWIFT_ACTIVE_COMPILATION_CONDITIONS = "DEBUG $(inherited)";
				SWIFT_OPTIMIZATION_LEVEL = "-Onone";
			};
			name = Debug;
		};
		8DFE46842AFAC3FF00785F46 /* Release */ = {
			isa = XCBuildConfiguration;
			buildSettings = {
				ALWAYS_SEARCH_USER_PATHS = NO;
				ASSETCATALOG_COMPILER_GENERATE_SWIFT_ASSET_SYMBOL_EXTENSIONS = YES;
				CLANG_ANALYZER_NONNULL = YES;
				CLANG_ANALYZER_NUMBER_OBJECT_CONVERSION = YES_AGGRESSIVE;
				CLANG_CXX_LANGUAGE_STANDARD = "gnu++20";
				CLANG_ENABLE_MODULES = YES;
				CLANG_ENABLE_OBJC_ARC = YES;
				CLANG_ENABLE_OBJC_WEAK = YES;
				CLANG_WARN_BLOCK_CAPTURE_AUTORELEASING = YES;
				CLANG_WARN_BOOL_CONVERSION = YES;
				CLANG_WARN_COMMA = YES;
				CLANG_WARN_CONSTANT_CONVERSION = YES;
				CLANG_WARN_DEPRECATED_OBJC_IMPLEMENTATIONS = YES;
				CLANG_WARN_DIRECT_OBJC_ISA_USAGE = YES_ERROR;
				CLANG_WARN_DOCUMENTATION_COMMENTS = YES;
				CLANG_WARN_EMPTY_BODY = YES;
				CLANG_WARN_ENUM_CONVERSION = YES;
				CLANG_WARN_INFINITE_RECURSION = YES;
				CLANG_WARN_INT_CONVERSION = YES;
				CLANG_WARN_NON_LITERAL_NULL_CONVERSION = YES;
				CLANG_WARN_OBJC_IMPLICIT_RETAIN_SELF = YES;
				CLANG_WARN_OBJC_LITERAL_CONVERSION = YES;
				CLANG_WARN_OBJC_ROOT_CLASS = YES_ERROR;
				CLANG_WARN_QUOTED_INCLUDE_IN_FRAMEWORK_HEADER = YES;
				CLANG_WARN_RANGE_LOOP_ANALYSIS = YES;
				CLANG_WARN_STRICT_PROTOTYPES = YES;
				CLANG_WARN_SUSPICIOUS_MOVE = YES;
				CLANG_WARN_UNGUARDED_AVAILABILITY = YES_AGGRESSIVE;
				CLANG_WARN_UNREACHABLE_CODE = YES;
				CLANG_WARN__DUPLICATE_METHOD_MATCH = YES;
				COPY_PHASE_STRIP = NO;
				DEBUG_INFORMATION_FORMAT = "dwarf-with-dsym";
				ENABLE_NS_ASSERTIONS = NO;
				ENABLE_STRICT_OBJC_MSGSEND = YES;
				ENABLE_USER_SCRIPT_SANDBOXING = YES;
				GCC_C_LANGUAGE_STANDARD = gnu17;
				GCC_NO_COMMON_BLOCKS = YES;
				GCC_WARN_64_TO_32_BIT_CONVERSION = YES;
				GCC_WARN_ABOUT_RETURN_TYPE = YES_ERROR;
				GCC_WARN_UNDECLARED_SELECTOR = YES;
				GCC_WARN_UNINITIALIZED_AUTOS = YES_AGGRESSIVE;
				GCC_WARN_UNUSED_FUNCTION = YES;
				GCC_WARN_UNUSED_VARIABLE = YES;
				IPHONEOS_DEPLOYMENT_TARGET = 17.0;
				LOCALIZATION_PREFERS_STRING_CATALOGS = YES;
				MTL_ENABLE_DEBUG_INFO = NO;
				MTL_FAST_MATH = YES;
				SDKROOT = iphoneos;
				SWIFT_COMPILATION_MODE = wholemodule;
				VALIDATE_PRODUCT = YES;
			};
			name = Release;
		};
		8DFE46862AFAC3FF00785F46 /* Debug */ = {
			isa = XCBuildConfiguration;
			buildSettings = {
				ASSETCATALOG_COMPILER_APPICON_NAME = AppIcon;
				ASSETCATALOG_COMPILER_GLOBAL_ACCENT_COLOR_NAME = AccentColor;
				CODE_SIGN_STYLE = Automatic;
				CURRENT_PROJECT_VERSION = 1;
				DEVELOPMENT_ASSET_PATHS = "\"WEEK 9 FINALPROJ/Preview Content\"";
				DEVELOPMENT_TEAM = S8J5Y2GUSV;
				ENABLE_PREVIEWS = YES;
				GENERATE_INFOPLIST_FILE = YES;
				INFOPLIST_KEY_UIApplicationSceneManifest_Generation = YES;
				INFOPLIST_KEY_UIApplicationSupportsIndirectInputEvents = YES;
				INFOPLIST_KEY_UILaunchScreen_Generation = YES;
				INFOPLIST_KEY_UISupportedInterfaceOrientations_iPad = "UIInterfaceOrientationPortrait UIInterfaceOrientationPortraitUpsideDown UIInterfaceOrientationLandscapeLeft UIInterfaceOrientationLandscapeRight";
				INFOPLIST_KEY_UISupportedInterfaceOrientations_iPhone = "UIInterfaceOrientationPortrait UIInterfaceOrientationLandscapeLeft UIInterfaceOrientationLandscapeRight";
				LD_RUNPATH_SEARCH_PATHS = (
					"$(inherited)",
					"@executable_path/Frameworks",
				);
				MARKETING_VERSION = 1.0;
				PRODUCT_BUNDLE_IDENTIFIER = "Comm.Kennon.WEEK-9-FINALPROJ";
				PRODUCT_NAME = "$(TARGET_NAME)";
				SWIFT_EMIT_LOC_STRINGS = YES;
				SWIFT_VERSION = 5.0;
				TARGETED_DEVICE_FAMILY = "1,2";
			};
			name = Debug;
		};
		8DFE46872AFAC3FF00785F46 /* Release */ = {
			isa = XCBuildConfiguration;
			buildSettings = {
				ASSETCATALOG_COMPILER_APPICON_NAME = AppIcon;
				ASSETCATALOG_COMPILER_GLOBAL_ACCENT_COLOR_NAME = AccentColor;
				CODE_SIGN_STYLE = Automatic;
				CURRENT_PROJECT_VERSION = 1;
				DEVELOPMENT_ASSET_PATHS = "\"WEEK 9 FINALPROJ/Preview Content\"";
				DEVELOPMENT_TEAM = S8J5Y2GUSV;
				ENABLE_PREVIEWS = YES;
				GENERATE_INFOPLIST_FILE = YES;
				INFOPLIST_KEY_UIApplicationSceneManifest_Generation = YES;
				INFOPLIST_KEY_UIApplicationSupportsIndirectInputEvents = YES;
				INFOPLIST_KEY_UILaunchScreen_Generation = YES;
				INFOPLIST_KEY_UISupportedInterfaceOrientations_iPad = "UIInterfaceOrientationPortrait UIInterfaceOrientationPortraitUpsideDown UIInterfaceOrientationLandscapeLeft UIInterfaceOrientationLandscapeRight";
				INFOPLIST_KEY_UISupportedInterfaceOrientations_iPhone = "UIInterfaceOrientationPortrait UIInterfaceOrientationLandscapeLeft UIInterfaceOrientationLandscapeRight";
				LD_RUNPATH_SEARCH_PATHS = (
					"$(inherited)",
					"@executable_path/Frameworks",
				);
				MARKETING_VERSION = 1.0;
				PRODUCT_BUNDLE_IDENTIFIER = "Comm.Kennon.WEEK-9-FINALPROJ";
				PRODUCT_NAME = "$(TARGET_NAME)";
				SWIFT_EMIT_LOC_STRINGS = YES;
				SWIFT_VERSION = 5.0;
				TARGETED_DEVICE_FAMILY = "1,2";
			};
			name = Release;
		};
/* End XCBuildConfiguration section */

/* Begin XCConfigurationList section */
		8DFE46722AFAC3FE00785F46 /* Build configuration list for PBXProject "WEEK 9 FINALPROJ" */ = {
			isa = XCConfigurationList;
			buildConfigurations = (
				8DFE46832AFAC3FF00785F46 /* Debug */,
				8DFE46842AFAC3FF00785F46 /* Release */,
			);
			defaultConfigurationIsVisible = 0;
			defaultConfigurationName = Release;
		};
		8DFE46852AFAC3FF00785F46 /* Build configuration list for PBXNativeTarget "WEEK 9 FINALPROJ" */ = {
			isa = XCConfigurationList;
			buildConfigurations = (
				8DFE46862AFAC3FF00785F46 /* Debug */,
				8DFE46872AFAC3FF00785F46 /* Release */,
			);
			defaultConfigurationIsVisible = 0;
			defaultConfigurationName = Release;
		};
/* End XCConfigurationList section */
	};
	rootObject = 8DFE466F2AFAC3FE00785F46 /* Project object */;
}
